
Microsoft Visual Studio Solution File, Format Version 12.00
# Visual Studio Version 16
VisualStudioVersion = 16.0.32901.82
MinimumVisualStudioVersion = 10.0.40219.1
Project("{FAE04EC0-301F-11D3-BF4B-00C04F79EFBC}") = "MyPizzaShop", "MyPizzaShop\MyPizzaShop.csproj", "{2C046FB8-E409-46BA-B234-452ECCAA9382}"
EndProject
Global
	GlobalSection(SolutionConfigurationPlatforms) = preSolution
		Debug|Any CPU = Debug|Any CPU
		Release|Any CPU = Release|Any CPU
	EndGlobalSection
	GlobalSection(ProjectConfigurationPlatforms) = postSolution
		{2C046FB8-E409-46BA-B234-452ECCAA9382}.Debug|Any CPU.ActiveCfg = Debug|Any CPU
		{2C046FB8-E409-46BA-B234-452ECCAA9382}.Debug|Any CPU.Build.0 = Debug|Any CPU
		{2C046FB8-E409-46BA-B234-452ECCAA9382}.Release|Any CPU.ActiveCfg = Release|Any CPU
		{2C046FB8-E409-46BA-B234-452ECCAA9382}.Release|Any CPU.Build.0 = Release|Any CPU
	EndGlobalSection
	GlobalSection(SolutionProperties) = preSolution
		HideSolutionNode = FALSE
	EndGlobalSection
	GlobalSection(ExtensibilityGlobals) = postSolution
		SolutionGuid = {B45704B2-DC9E-4A72-855D-AC8462B05B08}
	EndGlobalSection
EndGlobal
